// !$*UTF8*$!
{
	archiveVersion = 1;
	classes = {
	};
	objectVersion = 50;
	objects = {

/* Begin PBXBuildFile section */
		18CF3CF420C7DF9100DAE493 /* AppDelegate.swift in Sources */ = {isa = PBXBuildFile; fileRef = 18CF3CF320C7DF9100DAE493 /* AppDelegate.swift */; };
		18CF3CF620C7DF9200DAE493 /* art.scnassets in Resources */ = {isa = PBXBuildFile; fileRef = 18CF3CF520C7DF9200DAE493 /* art.scnassets */; };
		18CF3CF820C7DF9200DAE493 /* ViewController.swift in Sources */ = {isa = PBXBuildFile; fileRef = 18CF3CF720C7DF9200DAE493 /* ViewController.swift */; };
		18CF3CFB20C7DF9200DAE493 /* Main.storyboard in Resources */ = {isa = PBXBuildFile; fileRef = 18CF3CF920C7DF9200DAE493 /* Main.storyboard */; };
		18CF3CFD20C7DF9E00DAE493 /* Assets.xcassets in Resources */ = {isa = PBXBuildFile; fileRef = 18CF3CFC20C7DF9E00DAE493 /* Assets.xcassets */; };
		18CF3D0020C7DF9E00DAE493 /* LaunchScreen.storyboard in Resources */ = {isa = PBXBuildFile; fileRef = 18CF3CFE20C7DF9E00DAE493 /* LaunchScreen.storyboard */; };
		18CF3D0B20C7DF9F00DAE493 /* ARMoonTests.swift in Sources */ = {isa = PBXBuildFile; fileRef = 18CF3D0A20C7DF9F00DAE493 /* ARMoonTests.swift */; };
		18CF3D1620C7DF9F00DAE493 /* ARMoonUITests.swift in Sources */ = {isa = PBXBuildFile; fileRef = 18CF3D1520C7DF9F00DAE493 /* ARMoonUITests.swift */; };
/* End PBXBuildFile section */

/* Begin PBXContainerItemProxy section */
		18CF3D0720C7DF9F00DAE493 /* PBXContainerItemProxy */ = {
			isa = PBXContainerItemProxy;
			containerPortal = 18CF3CE820C7DF9100DAE493 /* Project object */;
			proxyType = 1;
			remoteGlobalIDString = 18CF3CEF20C7DF9100DAE493;
			remoteInfo = ARMoon;
		};
		18CF3D1220C7DF9F00DAE493 /* PBXContainerItemProxy */ = {
			isa = PBXContainerItemProxy;
			containerPortal = 18CF3CE820C7DF9100DAE493 /* Project object */;
			proxyType = 1;
			remoteGlobalIDString = 18CF3CEF20C7DF9100DAE493;
			remoteInfo = ARMoon;
		};
/* End PBXContainerItemProxy section */

/* Begin PBXFileReference section */
		18CF3CF020C7DF9100DAE493 /* ARMoon.app */ = {isa = PBXFileReference; explicitFileType = wrapper.application; includeInIndex = 0; path = ARMoon.app; sourceTree = BUILT_PRODUCTS_DIR; };
		18CF3CF320C7DF9100DAE493 /* AppDelegate.swift */ = {isa = PBXFileReference; lastKnownFileType = sourcecode.swift; path = AppDelegate.swift; sourceTree = "<group>"; };
		18CF3CF520C7DF9200DAE493 /* art.scnassets */ = {isa = PBXFileReference; lastKnownFileType = wrapper.scnassets; path = art.scnassets; sourceTree = "<group>"; };
		18CF3CF720C7DF9200DAE493 /* ViewController.swift */ = {isa = PBXFileReference; lastKnownFileType = sourcecode.swift; path = ViewController.swift; sourceTree = "<group>"; };
		18CF3CFA20C7DF9200DAE493 /* Base */ = {isa = PBXFileReference; lastKnownFileType = file.storyboard; name = Base; path = Base.lproj/Main.storyboard; sourceTree = "<group>"; };
		18CF3CFC20C7DF9E00DAE493 /* Assets.xcassets */ = {isa = PBXFileReference; lastKnownFileType = folder.assetcatalog; path = Assets.xcassets; sourceTree = "<group>"; };
		18CF3CFF20C7DF9E00DAE493 /* Base */ = {isa = PBXFileReference; lastKnownFileType = file.storyboard; name = Base; path = Base.lproj/LaunchScreen.storyboard; sourceTree = "<group>"; };
		18CF3D0120C7DF9E00DAE493 /* Info.plist */ = {isa = PBXFileReference; lastKnownFileType = text.plist.xml; path = Info.plist; sourceTree = "<group>"; };
		18CF3D0620C7DF9F00DAE493 /* ARMoonTests.xctest */ = {isa = PBXFileReference; explicitFileType = wrapper.cfbundle; includeInIndex = 0; path = ARMoonTests.xctest; sourceTree = BUILT_PRODUCTS_DIR; };
		18CF3D0A20C7DF9F00DAE493 /* ARMoonTests.swift */ = {isa = PBXFileReference; lastKnownFileType = sourcecode.swift; path = ARMoonTests.swift; sourceTree = "<group>"; };
		18CF3D0C20C7DF9F00DAE493 /* Info.plist */ = {isa = PBXFileReference; lastKnownFileType = text.plist.xml; path = Info.plist; sourceTree = "<group>"; };
		18CF3D1120C7DF9F00DAE493 /* ARMoonUITests.xctest */ = {isa = PBXFileReference; explicitFileType = wrapper.cfbundle; includeInIndex = 0; path = ARMoonUITests.xctest; sourceTree = BUILT_PRODUCTS_DIR; };
		18CF3D1520C7DF9F00DAE493 /* ARMoonUITests.swift */ = {isa = PBXFileReference; lastKnownFileType = sourcecode.swift; path = ARMoonUITests.swift; sourceTree = "<group>"; };
		18CF3D1720C7DF9F00DAE493 /* Info.plist */ = {isa = PBXFileReference; lastKnownFileType = text.plist.xml; path = Info.plist; sourceTree = "<group>"; };
/* End PBXFileReference section */

/* Begin PBXFrameworksBuildPhase section */
		18CF3CED20C7DF9100DAE493 /* Frameworks */ = {
			isa = PBXFrameworksBuildPhase;
			buildActionMask = 2147483647;
			files = (
			);
			runOnlyForDeploymentPostprocessing = 0;
		};
		18CF3D0320C7DF9F00DAE493 /* Frameworks */ = {
			isa = PBXFrameworksBuildPhase;
			buildActionMask = 2147483647;
			files = (
			);
			runOnlyForDeploymentPostprocessing = 0;
		};
		18CF3D0E20C7DF9F00DAE493 /* Frameworks */ = {
			isa = PBXFrameworksBuildPhase;
			buildActionMask = 2147483647;
			files = (
			);
			runOnlyForDeploymentPostprocessing = 0;
		};
/* End PBXFrameworksBuildPhase section */

/* Begin PBXGroup section */
		18CF3CE720C7DF9100DAE493 = {
			isa = PBXGroup;
			children = (
				18CF3CF220C7DF9100DAE493 /* ARMoon */,
				18CF3D0920C7DF9F00DAE493 /* ARMoonTests */,
				18CF3D1420C7DF9F00DAE493 /* ARMoonUITests */,
				18CF3CF120C7DF9100DAE493 /* Products */,
			);
			sourceTree = "<group>";
		};
		18CF3CF120C7DF9100DAE493 /* Products */ = {
			isa = PBXGroup;
			children = (
				18CF3CF020C7DF9100DAE493 /* ARMoon.app */,
				18CF3D0620C7DF9F00DAE493 /* ARMoonTests.xctest */,
				18CF3D1120C7DF9F00DAE493 /* ARMoonUITests.xctest */,
			);
			name = Products;
			sourceTree = "<group>";
		};
		18CF3CF220C7DF9100DAE493 /* ARMoon */ = {
			isa = PBXGroup;
			children = (
				18CF3CF320C7DF9100DAE493 /* AppDelegate.swift */,
				18CF3CF520C7DF9200DAE493 /* art.scnassets */,
				18CF3CF720C7DF9200DAE493 /* ViewController.swift */,
				18CF3CF920C7DF9200DAE493 /* Main.storyboard */,
				18CF3CFC20C7DF9E00DAE493 /* Assets.xcassets */,
				18CF3CFE20C7DF9E00DAE493 /* LaunchScreen.storyboard */,
				18CF3D0120C7DF9E00DAE493 /* Info.plist */,
			);
			path = ARMoon;
			sourceTree = "<group>";
		};
		18CF3D0920C7DF9F00DAE493 /* ARMoonTests */ = {
			isa = PBXGroup;
			children = (
				18CF3D0A20C7DF9F00DAE493 /* ARMoonTests.swift */,
				18CF3D0C20C7DF9F00DAE493 /* Info.plist */,
			);
			path = ARMoonTests;
			sourceTree = "<group>";
		};
		18CF3D1420C7DF9F00DAE493 /* ARMoonUITests */ = {
			isa = PBXGroup;
			children = (
				18CF3D1520C7DF9F00DAE493 /* ARMoonUITests.swift */,
				18CF3D1720C7DF9F00DAE493 /* Info.plist */,
			);
			path = ARMoonUITests;
			sourceTree = "<group>";
		};
/* End PBXGroup section */

/* Begin PBXNativeTarget section */
		18CF3CEF20C7DF9100DAE493 /* ARMoon */ = {
			isa = PBXNativeTarget;
			buildConfigurationList = 18CF3D1A20C7DF9F00DAE493 /* Build configuration list for PBXNativeTarget "ARMoon" */;
			buildPhases = (
				18CF3CEC20C7DF9100DAE493 /* Sources */,
				18CF3CED20C7DF9100DAE493 /* Frameworks */,
				18CF3CEE20C7DF9100DAE493 /* Resources */,
			);
			buildRules = (
			);
			dependencies = (
			);
			name = ARMoon;
			productName = ARMoon;
			productReference = 18CF3CF020C7DF9100DAE493 /* ARMoon.app */;
			productType = "com.apple.product-type.application";
		};
		18CF3D0520C7DF9F00DAE493 /* ARMoonTests */ = {
			isa = PBXNativeTarget;
			buildConfigurationList = 18CF3D1D20C7DF9F00DAE493 /* Build configuration list for PBXNativeTarget "ARMoonTests" */;
			buildPhases = (
				18CF3D0220C7DF9F00DAE493 /* Sources */,
				18CF3D0320C7DF9F00DAE493 /* Frameworks */,
				18CF3D0420C7DF9F00DAE493 /* Resources */,
			);
			buildRules = (
			);
			dependencies = (
				18CF3D0820C7DF9F00DAE493 /* PBXTargetDependency */,
			);
			name = ARMoonTests;
			productName = ARMoonTests;
			productReference = 18CF3D0620C7DF9F00DAE493 /* ARMoonTests.xctest */;
			productType = "com.apple.product-type.bundle.unit-test";
		};
		18CF3D1020C7DF9F00DAE493 /* ARMoonUITests */ = {
			isa = PBXNativeTarget;
			buildConfigurationList = 18CF3D2020C7DF9F00DAE493 /* Build configuration list for PBXNativeTarget "ARMoonUITests" */;
			buildPhases = (
				18CF3D0D20C7DF9F00DAE493 /* Sources */,
				18CF3D0E20C7DF9F00DAE493 /* Frameworks */,
				18CF3D0F20C7DF9F00DAE493 /* Resources */,
			);
			buildRules = (
			);
			dependencies = (
				18CF3D1320C7DF9F00DAE493 /* PBXTargetDependency */,
			);
			name = ARMoonUITests;
			productName = ARMoonUITests;
			productReference = 18CF3D1120C7DF9F00DAE493 /* ARMoonUITests.xctest */;
			productType = "com.apple.product-type.bundle.ui-testing";
		};
/* End PBXNativeTarget section */

/* Begin PBXProject section */
		18CF3CE820C7DF9100DAE493 /* Project object */ = {
			isa = PBXProject;
			attributes = {
				LastSwiftUpdateCheck = 0930;
				LastUpgradeCheck = 0930;
				ORGANIZATIONNAME = Apple;
				TargetAttributes = {
					18CF3CEF20C7DF9100DAE493 = {
						CreatedOnToolsVersion = 9.3;
					};
					18CF3D0520C7DF9F00DAE493 = {
						CreatedOnToolsVersion = 9.3;
						TestTargetID = 18CF3CEF20C7DF9100DAE493;
					};
					18CF3D1020C7DF9F00DAE493 = {
						CreatedOnToolsVersion = 9.3;
						TestTargetID = 18CF3CEF20C7DF9100DAE493;
					};
				};
			};
			buildConfigurationList = 18CF3CEB20C7DF9100DAE493 /* Build configuration list for PBXProject "ARMoon" */;
			compatibilityVersion = "Xcode 9.3";
			developmentRegion = en;
			hasScannedForEncodings = 0;
			knownRegions = (
				en,
				Base,
			);
			mainGroup = 18CF3CE720C7DF9100DAE493;
			productRefGroup = 18CF3CF120C7DF9100DAE493 /* Products */;
			projectDirPath = "";
			projectRoot = "";
			targets = (
				18CF3CEF20C7DF9100DAE493 /* ARMoon */,
				18CF3D0520C7DF9F00DAE493 /* ARMoonTests */,
				18CF3D1020C7DF9F00DAE493 /* ARMoonUITests */,
			);
		};
/* End PBXProject section */

/* Begin PBXResourcesBuildPhase section */
		18CF3CEE20C7DF9100DAE493 /* Resources */ = {
			isa = PBXResourcesBuildPhase;
			buildActionMask = 2147483647;
			files = (
				18CF3CF620C7DF9200DAE493 /* art.scnassets in Resources */,
				18CF3D0020C7DF9E00DAE493 /* LaunchScreen.storyboard in Resources */,
				18CF3CFD20C7DF9E00DAE493 /* Assets.xcassets in Resources */,
				18CF3CFB20C7DF9200DAE493 /* Main.storyboard in Resources */,
			);
			runOnlyForDeploymentPostprocessing = 0;
		};
		18CF3D0420C7DF9F00DAE493 /* Resources */ = {
			isa = PBXResourcesBuildPhase;
			buildActionMask = 2147483647;
			files = (
			);
			runOnlyForDeploymentPostprocessing = 0;
		};
		18CF3D0F20C7DF9F00DAE493 /* Resources */ = {
			isa = PBXResourcesBuildPhase;
			buildActionMask = 2147483647;
			files = (
			);
			runOnlyForDeploymentPostprocessing = 0;
		};
/* End PBXResourcesBuildPhase section */

/* Begin PBXSourcesBuildPhase section */
		18CF3CEC20C7DF9100DAE493 /* Sources */ = {
			isa = PBXSourcesBuildPhase;
			buildActionMask = 2147483647;
			files = (
				18CF3CF820C7DF9200DAE493 /* ViewController.swift in Sources */,
				18CF3CF420C7DF9100DAE493 /* AppDelegate.swift in Sources */,
			);
			runOnlyForDeploymentPostprocessing = 0;
		};
		18CF3D0220C7DF9F00DAE493 /* Sources */ = {
			isa = PBXSourcesBuildPhase;
			buildActionMask = 2147483647;
			files = (
				18CF3D0B20C7DF9F00DAE493 /* ARMoonTests.swift in Sources */,
			);
			runOnlyForDeploymentPostprocessing = 0;
		};
		18CF3D0D20C7DF9F00DAE493 /* Sources */ = {
			isa = PBXSourcesBuildPhase;
			buildActionMask = 2147483647;
			files = (
				18CF3D1620C7DF9F00DAE493 /* ARMoonUITests.swift in Sources */,
			);
			runOnlyForDeploymentPostprocessing = 0;
		};
/* End PBXSourcesBuildPhase section */

/* Begin PBXTargetDependency section */
		18CF3D0820C7DF9F00DAE493 /* PBXTargetDependency */ = {
			isa = PBXTargetDependency;
			target = 18CF3CEF20C7DF9100DAE493 /* ARMoon */;
			targetProxy = 18CF3D0720C7DF9F00DAE493 /* PBXContainerItemProxy */;
		};
		18CF3D1320C7DF9F00DAE493 /* PBXTargetDependency */ = {
			isa = PBXTargetDependency;
			target = 18CF3CEF20C7DF9100DAE493 /* ARMoon */;
			targetProxy = 18CF3D1220C7DF9F00DAE493 /* PBXContainerItemProxy */;
		};
/* End PBXTargetDependency section */

/* Begin PBXVariantGroup section */
		18CF3CF920C7DF9200DAE493 /* Main.storyboard */ = {
			isa = PBXVariantGroup;
			children = (
				18CF3CFA20C7DF9200DAE493 /* Base */,
			);
			name = Main.storyboard;
			sourceTree = "<group>";
		};
		18CF3CFE20C7DF9E00DAE493 /* LaunchScreen.storyboard */ = {
			isa = PBXVariantGroup;
			children = (
				18CF3CFF20C7DF9E00DAE493 /* Base */,
			);
			name = LaunchScreen.storyboard;
			sourceTree = "<group>";
		};
/* End PBXVariantGroup section */

/* Begin XCBuildConfiguration section */
		18CF3D1820C7DF9F00DAE493 /* Debug */ = {
			isa = XCBuildConfiguration;
			buildSettings = {
				ALWAYS_SEARCH_USER_PATHS = NO;
				CLANG_ANALYZER_NONNULL = YES;
				CLANG_ANALYZER_NUMBER_OBJECT_CONVERSION = YES_AGGRESSIVE;
				CLANG_CXX_LANGUAGE_STANDARD = "gnu++14";
				CLANG_CXX_LIBRARY = "libc++";
				CLANG_ENABLE_MODULES = YES;
				CLANG_ENABLE_OBJC_ARC = YES;
				CLANG_ENABLE_OBJC_WEAK = YES;
				CLANG_WARN_BLOCK_CAPTURE_AUTORELEASING = YES;
				CLANG_WARN_BOOL_CONVERSION = YES;
				CLANG_WARN_COMMA = YES;
				CLANG_WARN_CONSTANT_CONVERSION = YES;
				CLANG_WARN_DEPRECATED_OBJC_IMPLEMENTATIONS = YES;
				CLANG_WARN_DIRECT_OBJC_ISA_USAGE = YES_ERROR;
				CLANG_WARN_DOCUMENTATION_COMMENTS = YES;
				CLANG_WARN_EMPTY_BODY = YES;
				CLANG_WARN_ENUM_CONVERSION = YES;
				CLANG_WARN_INFINITE_RECURSION = YES;
				CLANG_WARN_INT_CONVERSION = YES;
				CLANG_WARN_NON_LITERAL_NULL_CONVERSION = YES;
				CLANG_WARN_OBJC_IMPLICIT_RETAIN_SELF = YES;
				CLANG_WARN_OBJC_LITERAL_CONVERSION = YES;
				CLANG_WARN_OBJC_ROOT_CLASS = YES_ERROR;
				CLANG_WARN_RANGE_LOOP_ANALYSIS = YES;
				CLANG_WARN_STRICT_PROTOTYPES = YES;
				CLANG_WARN_SUSPICIOUS_MOVE = YES;
				CLANG_WARN_UNGUARDED_AVAILABILITY = YES_AGGRESSIVE;
				CLANG_WARN_UNREACHABLE_CODE = YES;
				CLANG_WARN__DUPLICATE_METHOD_MATCH = YES;
				CODE_SIGN_IDENTITY = "iPhone Developer";
				COPY_PHASE_STRIP = NO;
				DEBUG_INFORMATION_FORMAT = dwarf;
				ENABLE_STRICT_OBJC_MSGSEND = YES;
				ENABLE_TESTABILITY = YES;
				GCC_C_LANGUAGE_STANDARD = gnu11;
				GCC_DYNAMIC_NO_PIC = NO;
				GCC_NO_COMMON_BLOCKS = YES;
				GCC_OPTIMIZATION_LEVEL = 0;
				GCC_PREPROCESSOR_DEFINITIONS = (
					"DEBUG=1",
					"$(inherited)",
				);
				GCC_WARN_64_TO_32_BIT_CONVERSION = YES;
				GCC_WARN_ABOUT_RETURN_TYPE = YES_ERROR;
				GCC_WARN_UNDECLARED_SELECTOR = YES;
				GCC_WARN_UNINITIALIZED_AUTOS = YES_AGGRESSIVE;
				GCC_WARN_UNUSED_FUNCTION = YES;
				GCC_WARN_UNUSED_VARIABLE = YES;
				IPHONEOS_DEPLOYMENT_TARGET = 11.3;
				MTL_ENABLE_DEBUG_INFO = YES;
				ONLY_ACTIVE_ARCH = YES;
				SDKROOT = iphoneos;
				SWIFT_ACTIVE_COMPILATION_CONDITIONS = DEBUG;
				SWIFT_OPTIMIZATION_LEVEL = "-Onone";
			};
			name = Debug;
		};
		18CF3D1920C7DF9F00DAE493 /* Release */ = {
			isa = XCBuildConfiguration;
			buildSettings = {
				ALWAYS_SEARCH_USER_PATHS = NO;
				CLANG_ANALYZER_NONNULL = YES;
				CLANG_ANALYZER_NUMBER_OBJECT_CONVERSION = YES_AGGRESSIVE;
				CLANG_CXX_LANGUAGE_STANDARD = "gnu++14";
				CLANG_CXX_LIBRARY = "libc++";
				CLANG_ENABLE_MODULES = YES;
				CLANG_ENABLE_OBJC_ARC = YES;
				CLANG_ENABLE_OBJC_WEAK = YES;
				CLANG_WARN_BLOCK_CAPTURE_AUTORELEASING = YES;
				CLANG_WARN_BOOL_CONVERSION = YES;
				CLANG_WARN_COMMA = YES;
				CLANG_WARN_CONSTANT_CONVERSION = YES;
				CLANG_WARN_DEPRECATED_OBJC_IMPLEMENTATIONS = YES;
				CLANG_WARN_DIRECT_OBJC_ISA_USAGE = YES_ERROR;
				CLANG_WARN_DOCUMENTATION_COMMENTS = YES;
				CLANG_WARN_EMPTY_BODY = YES;
				CLANG_WARN_ENUM_CONVERSION = YES;
				CLANG_WARN_INFINITE_RECURSION = YES;
				CLANG_WARN_INT_CONVERSION = YES;
				CLANG_WARN_NON_LITERAL_NULL_CONVERSION = YES;
				CLANG_WARN_OBJC_IMPLICIT_RETAIN_SELF = YES;
				CLANG_WARN_OBJC_LITERAL_CONVERSION = YES;
				CLANG_WARN_OBJC_ROOT_CLASS = YES_ERROR;
				CLANG_WARN_RANGE_LOOP_ANALYSIS = YES;
				CLANG_WARN_STRICT_PROTOTYPES = YES;
				CLANG_WARN_SUSPICIOUS_MOVE = YES;
				CLANG_WARN_UNGUARDED_AVAILABILITY = YES_AGGRESSIVE;
				CLANG_WARN_UNREACHABLE_CODE = YES;
				CLANG_WARN__DUPLICATE_METHOD_MATCH = YES;
				CODE_SIGN_IDENTITY = "iPhone Developer";
				COPY_PHASE_STRIP = NO;
				DEBUG_INFORMATION_FORMAT = "dwarf-with-dsym";
				ENABLE_NS_ASSERTIONS = NO;
				ENABLE_STRICT_OBJC_MSGSEND = YES;
				GCC_C_LANGUAGE_STANDARD = gnu11;
				GCC_NO_COMMON_BLOCKS = YES;
				GCC_WARN_64_TO_32_BIT_CONVERSION = YES;
				GCC_WARN_ABOUT_RETURN_TYPE = YES_ERROR;
				GCC_WARN_UNDECLARED_SELECTOR = YES;
				GCC_WARN_UNINITIALIZED_AUTOS = YES_AGGRESSIVE;
				GCC_WARN_UNUSED_FUNCTION = YES;
				GCC_WARN_UNUSED_VARIABLE = YES;
				IPHONEOS_DEPLOYMENT_TARGET = 11.3;
				MTL_ENABLE_DEBUG_INFO = NO;
				SDKROOT = iphoneos;
				SWIFT_COMPILATION_MODE = wholemodule;
				SWIFT_OPTIMIZATION_LEVEL = "-O";
				VALIDATE_PRODUCT = YES;
			};
			name = Release;
		};
		18CF3D1B20C7DF9F00DAE493 /* Debug */ = {
			isa = XCBuildConfiguration;
			buildSettings = {
				ASSETCATALOG_COMPILER_APPICON_NAME = AppIcon;
				CODE_SIGN_STYLE = Automatic;
				DEVELOPMENT_TEAM = QM32Z9CP5C;
				INFOPLIST_FILE = ARMoon/Info.plist;
				LD_RUNPATH_SEARCH_PATHS = (
					"$(inherited)",
					"@executable_path/Frameworks",
				);
				PRODUCT_BUNDLE_IDENTIFIER = com.app.ARMoon;
				PRODUCT_NAME = "$(TARGET_NAME)";
				SWIFT_VERSION = 4.0;
				TARGETED_DEVICE_FAMILY = "1,2";
			};
			name = Debug;
		};
		18CF3D1C20C7DF9F00DAE493 /* Release */ = {
			isa = XCBuildConfiguration;
			buildSettings = {
				ASSETCATALOG_COMPILER_APPICON_NAME = AppIcon;
				CODE_SIGN_STYLE = Automatic;
				DEVELOPMENT_TEAM = QM32Z9CP5C;
				INFOPLIST_FILE = ARMoon/Info.plist;
				LD_RUNPATH_SEARCH_PATHS = (
					"$(inherited)",
					"@executable_path/Frameworks",
				);
				PRODUCT_BUNDLE_IDENTIFIER = com.app.ARMoon;
				PRODUCT_NAME = "$(TARGET_NAME)";
				SWIFT_VERSION = 4.0;
				TARGETED_DEVICE_FAMILY = "1,2";
			};
			name = Release;
		};
		18CF3D1E20C7DF9F00DAE493 /* Debug */ = {
			isa = XCBuildConfiguration;
			buildSettings = {
				ALWAYS_EMBED_SWIFT_STANDARD_LIBRARIES = YES;
				BUNDLE_LOADER = "$(TEST_HOST)";
				CODE_SIGN_STYLE = Automatic;
				DEVELOPMENT_TEAM = QM32Z9CP5C;
				INFOPLIST_FILE = ARMoonTests/Info.plist;
				LD_RUNPATH_SEARCH_PATHS = (
					"$(inherited)",
					"@executable_path/Frameworks",
					"@loader_path/Frameworks",
				);
				PRODUCT_BUNDLE_IDENTIFIER = com.app.ARMoonTests;
				PRODUCT_NAME = "$(TARGET_NAME)";
				SWIFT_VERSION = 4.0;
				TARGETED_DEVICE_FAMILY = "1,2";
				TEST_HOST = "$(BUILT_PRODUCTS_DIR)/ARMoon.app/ARMoon";
			};
			name = Debug;
		};
		18CF3D1F20C7DF9F00DAE493 /* Release */ = {
			isa = XCBuildConfiguration;
			buildSettings = {
				ALWAYS_EMBED_SWIFT_STANDARD_LIBRARIES = YES;
				BUNDLE_LOADER = "$(TEST_HOST)";
				CODE_SIGN_STYLE = Automatic;
				DEVELOPMENT_TEAM = QM32Z9CP5C;
				INFOPLIST_FILE = ARMoonTests/Info.plist;
				LD_RUNPATH_SEARCH_PATHS = (
					"$(inherited)",
					"@executable_path/Frameworks",
					"@loader_path/Frameworks",
				);
				PRODUCT_BUNDLE_IDENTIFIER = com.app.ARMoonTests;
				PRODUCT_NAME = "$(TARGET_NAME)";
				SWIFT_VERSION = 4.0;
				TARGETED_DEVICE_FAMILY = "1,2";
				TEST_HOST = "$(BUILT_PRODUCTS_DIR)/ARMoon.app/ARMoon";
			};
			name = Release;
		};
		18CF3D2120C7DF9F00DAE493 /* Debug */ = {
			isa = XCBuildConfiguration;
			buildSettings = {
				ALWAYS_EMBED_SWIFT_STANDARD_LIBRARIES = YES;
				CODE_SIGN_STYLE = Automatic;
				DEVELOPMENT_TEAM = QM32Z9CP5C;
				INFOPLIST_FILE = ARMoonUITests/Info.plist;
				LD_RUNPATH_SEARCH_PATHS = (
					"$(inherited)",
					"@executable_path/Frameworks",
					"@loader_path/Frameworks",
				);
				PRODUCT_BUNDLE_IDENTIFIER = com.app.ARMoonUITests;
				PRODUCT_NAME = "$(TARGET_NAME)";
				SWIFT_VERSION = 4.0;
				TARGETED_DEVICE_FAMILY = "1,2";
				TEST_TARGET_NAME = ARMoon;
			};
			name = Debug;
		};
		18CF3D2220C7DF9F00DAE493 /* Release */ = {
			isa = XCBuildConfiguration;
			buildSettings = {
				ALWAYS_EMBED_SWIFT_STANDARD_LIBRARIES = YES;
				CODE_SIGN_STYLE = Automatic;
				DEVELOPMENT_TEAM = QM32Z9CP5C;
				INFOPLIST_FILE = ARMoonUITests/Info.plist;
				LD_RUNPATH_SEARCH_PATHS = (
					"$(inherited)",
					"@executable_path/Frameworks",
					"@loader_path/Frameworks",
				);
				PRODUCT_BUNDLE_IDENTIFIER = com.app.ARMoonUITests;
				PRODUCT_NAME = "$(TARGET_NAME)";
				SWIFT_VERSION = 4.0;
				TARGETED_DEVICE_FAMILY = "1,2";
				TEST_TARGET_NAME = ARMoon;
			};
			name = Release;
		};
/* End XCBuildConfiguration section */

/* Begin XCConfigurationList section */
		18CF3CEB20C7DF9100DAE493 /* Build configuration list for PBXProject "ARMoon" */ = {
			isa = XCConfigurationList;
			buildConfigurations = (
				18CF3D1820C7DF9F00DAE493 /* Debug */,
				18CF3D1920C7DF9F00DAE493 /* Release */,
			);
			defaultConfigurationIsVisible = 0;
			defaultConfigurationName = Release;
		};
		18CF3D1A20C7DF9F00DAE493 /* Build configuration list for PBXNativeTarget "ARMoon" */ = {
			isa = XCConfigurationList;
			buildConfigurations = (
				18CF3D1B20C7DF9F00DAE493 /* Debug */,
				18CF3D1C20C7DF9F00DAE493 /* Release */,
			);
			defaultConfigurationIsVisible = 0;
			defaultConfigurationName = Release;
		};
		18CF3D1D20C7DF9F00DAE493 /* Build configuration list for PBXNativeTarget "ARMoonTests" */ = {
			isa = XCConfigurationList;
			buildConfigurations = (
				18CF3D1E20C7DF9F00DAE493 /* Debug */,
				18CF3D1F20C7DF9F00DAE493 /* Release */,
			);
			defaultConfigurationIsVisible = 0;
			defaultConfigurationName = Release;
		};
		18CF3D2020C7DF9F00DAE493 /* Build configuration list for PBXNativeTarget "ARMoonUITests" */ = {
			isa = XCConfigurationList;
			buildConfigurations = (
				18CF3D2120C7DF9F00DAE493 /* Debug */,
				18CF3D2220C7DF9F00DAE493 /* Release */,
			);
			defaultConfigurationIsVisible = 0;
			defaultConfigurationName = Release;
		};
/* End XCConfigurationList section */
	};
	rootObject = 18CF3CE820C7DF9100DAE493 /* Project object */;
}
